{
  "originHash" : "47cbe4ef2adc7155b834c1fb5ae451e260f9ef6ba19f0658c4fcafd3565fad48",
  "pins" : [
    {
      "identity" : "posthog-ios",
      "kind" : "remoteSourceControl",
      "location" : "https://github.com/PostHog/posthog-ios.git",
      "state" : {
        "revision" : "cf6155963a6532c7b88e0cfa2b1d07595d6b6db6",
        "version" : "3.58.3"
      }
    }
  ],
  "version" : 3
}
