lockfileVersion: '9.0'

settings:
  autoInstallPeers: true
  excludeLinksFromLockfile: false

importers:

  .:
    dependencies:
      posthog-js:
        specifier: link:../../..
        version: link:../../..
      vue:
        specifier: ^3.5.13
        version: 3.5.13(typescript@5.7.3)
    devDependencies:
      '@vitejs/plugin-vue':
        specifier: ^5.2.1
        version: 5.2.1(vite@6.2.7)(vue@3.5.13(typescript@5.7.3))
      '@vue/tsconfig':
        specifier: ^0.7.0
        version: 0.7.0(typescript@5.7.3)(vue@3.5.13(typescript@5.7.3))
      typescript:
        specifier: ~5.7.2
        version: 5.7.3
      vite:
        specifier: ^6.2.7
        version: 6.2.7
      vue-tsc:
        specifier: ^2.2.4
        version: 2.2.8(typescript@5.7.3)

packages:

  '@babel/helper-string-parser@7.25.9':
    resolution: {integrity: sha512-4A/SCr/2KLd5jrtOMFzaKjVtAei3+2r/NChoBNoZ3EyP/+GlhoaEGoWOZUmFmoITP7zOJyHIMm+DYRd8o3PvHA==}
    engines: {node: '>=6.9.0'}

  '@babel/helper-validator-identifier@7.25.9':
    resolution: {integrity: sha512-Ed61U6XJc3CVRfkERJWDz4dJwKe7iLmmJsbOGu9wSloNSFttHV0I8g6UAgb7qnK5ly5bGLPd4oXZlxCdANBOWQ==}
    engines: {node: '>=6.9.0'}

  '@babel/parser@7.26.9':
    resolution: {integrity: sha512-81NWa1njQblgZbQHxWHpxxCzNsa3ZwvFqpUg7P+NNUU6f3UU2jBEg4OlF/J6rl8+PQGh1q6/zWScd001YwcA5A==}
    engines: {node: '>=6.0.0'}
    hasBin: true

  '@babel/types@7.26.9':
    resolution: {integrity: sha512-Y3IR1cRnOxOCDvMmNiym7XpXQ93iGDDPHx+Zj+NM+rg0fBaShfQLkg+hKPaZCEvg5N/LeCo4+Rj/i3FuJsIQaw==}
    engines: {node: '>=6.9.0'}

  '@esbuild/aix-ppc64@0.25.3':
    resolution: {integrity: sha512-W8bFfPA8DowP8l//sxjJLSLkD8iEjMc7cBVyP+u4cEv9sM7mdUCkgsj+t0n/BWPFtv7WWCN5Yzj0N6FJNUUqBQ==}
    engines: {node: '>=18'}
    cpu: [ppc64]
    os: [aix]

  '@esbuild/android-arm64@0.25.3':
    resolution: {integrity: sha512-XelR6MzjlZuBM4f5z2IQHK6LkK34Cvv6Rj2EntER3lwCBFdg6h2lKbtRjpTTsdEjD/WSe1q8UyPBXP1x3i/wYQ==}
    engines: {node: '>=18'}
    cpu: [arm64]
    os: [android]

  '@esbuild/android-arm@0.25.3':
    resolution: {integrity: sha512-PuwVXbnP87Tcff5I9ngV0lmiSu40xw1At6i3GsU77U7cjDDB4s0X2cyFuBiDa1SBk9DnvWwnGvVaGBqoFWPb7A==}
    engines: {node: '>=18'}
    cpu: [arm]
    os: [android]

  '@esbuild/android-x64@0.25.3':
    resolution: {integrity: sha512-ogtTpYHT/g1GWS/zKM0cc/tIebFjm1F9Aw1boQ2Y0eUQ+J89d0jFY//s9ei9jVIlkYi8AfOjiixcLJSGNSOAdQ==}
    engines: {node: '>=18'}
    cpu: [x64]
    os: [android]

  '@esbuild/darwin-arm64@0.25.3':
    resolution: {integrity: sha512-eESK5yfPNTqpAmDfFWNsOhmIOaQA59tAcF/EfYvo5/QWQCzXn5iUSOnqt3ra3UdzBv073ykTtmeLJZGt3HhA+w==}
    engines: {node: '>=18'}
    cpu: [arm64]
    os: [darwin]

  '@esbuild/darwin-x64@0.25.3':
    resolution: {integrity: sha512-Kd8glo7sIZtwOLcPbW0yLpKmBNWMANZhrC1r6K++uDR2zyzb6AeOYtI6udbtabmQpFaxJ8uduXMAo1gs5ozz8A==}
    engines: {node: '>=18'}
    cpu: [x64]
    os: [darwin]

  '@esbuild/freebsd-arm64@0.25.3':
    resolution: {integrity: sha512-EJiyS70BYybOBpJth3M0KLOus0n+RRMKTYzhYhFeMwp7e/RaajXvP+BWlmEXNk6uk+KAu46j/kaQzr6au+JcIw==}
    engines: {node: '>=18'}
    cpu: [arm64]
    os: [freebsd]

  '@esbuild/freebsd-x64@0.25.3':
    resolution: {integrity: sha512-Q+wSjaLpGxYf7zC0kL0nDlhsfuFkoN+EXrx2KSB33RhinWzejOd6AvgmP5JbkgXKmjhmpfgKZq24pneodYqE8Q==}
    engines: {node: '>=18'}
    cpu: [x64]
    os: [freebsd]

  '@esbuild/linux-arm64@0.25.3':
    resolution: {integrity: sha512-xCUgnNYhRD5bb1C1nqrDV1PfkwgbswTTBRbAd8aH5PhYzikdf/ddtsYyMXFfGSsb/6t6QaPSzxtbfAZr9uox4A==}
    engines: {node: '>=18'}
    cpu: [arm64]
    os: [linux]

  '@esbuild/linux-arm@0.25.3':
    resolution: {integrity: sha512-dUOVmAUzuHy2ZOKIHIKHCm58HKzFqd+puLaS424h6I85GlSDRZIA5ycBixb3mFgM0Jdh+ZOSB6KptX30DD8YOQ==}
    engines: {node: '>=18'}
    cpu: [arm]
    os: [linux]

  '@esbuild/linux-ia32@0.25.3':
    resolution: {integrity: sha512-yplPOpczHOO4jTYKmuYuANI3WhvIPSVANGcNUeMlxH4twz/TeXuzEP41tGKNGWJjuMhotpGabeFYGAOU2ummBw==}
    engines: {node: '>=18'}
    cpu: [ia32]
    os: [linux]

  '@esbuild/linux-loong64@0.25.3':
    resolution: {integrity: sha512-P4BLP5/fjyihmXCELRGrLd793q/lBtKMQl8ARGpDxgzgIKJDRJ/u4r1A/HgpBpKpKZelGct2PGI4T+axcedf6g==}
    engines: {node: '>=18'}
    cpu: [loong64]
    os: [linux]

  '@esbuild/linux-mips64el@0.25.3':
    resolution: {integrity: sha512-eRAOV2ODpu6P5divMEMa26RRqb2yUoYsuQQOuFUexUoQndm4MdpXXDBbUoKIc0iPa4aCO7gIhtnYomkn2x+bag==}
    engines: {node: '>=18'}
    cpu: [mips64el]
    os: [linux]

  '@esbuild/linux-ppc64@0.25.3':
    resolution: {integrity: sha512-ZC4jV2p7VbzTlnl8nZKLcBkfzIf4Yad1SJM4ZMKYnJqZFD4rTI+pBG65u8ev4jk3/MPwY9DvGn50wi3uhdaghg==}
    engines: {node: '>=18'}
    cpu: [ppc64]
    os: [linux]

  '@esbuild/linux-riscv64@0.25.3':
    resolution: {integrity: sha512-LDDODcFzNtECTrUUbVCs6j9/bDVqy7DDRsuIXJg6so+mFksgwG7ZVnTruYi5V+z3eE5y+BJZw7VvUadkbfg7QA==}
    engines: {node: '>=18'}
    cpu: [riscv64]
    os: [linux]

  '@esbuild/linux-s390x@0.25.3':
    resolution: {integrity: sha512-s+w/NOY2k0yC2p9SLen+ymflgcpRkvwwa02fqmAwhBRI3SC12uiS10edHHXlVWwfAagYSY5UpmT/zISXPMW3tQ==}
    engines: {node: '>=18'}
    cpu: [s390x]
    os: [linux]

  '@esbuild/linux-x64@0.25.3':
    resolution: {integrity: sha512-nQHDz4pXjSDC6UfOE1Fw9Q8d6GCAd9KdvMZpfVGWSJztYCarRgSDfOVBY5xwhQXseiyxapkiSJi/5/ja8mRFFA==}
    engines: {node: '>=18'}
    cpu: [x64]
    os: [linux]

  '@esbuild/netbsd-arm64@0.25.3':
    resolution: {integrity: sha512-1QaLtOWq0mzK6tzzp0jRN3eccmN3hezey7mhLnzC6oNlJoUJz4nym5ZD7mDnS/LZQgkrhEbEiTn515lPeLpgWA==}
    engines: {node: '>=18'}
    cpu: [arm64]
    os: [netbsd]

  '@esbuild/netbsd-x64@0.25.3':
    resolution: {integrity: sha512-i5Hm68HXHdgv8wkrt+10Bc50zM0/eonPb/a/OFVfB6Qvpiirco5gBA5bz7S2SHuU+Y4LWn/zehzNX14Sp4r27g==}
    engines: {node: '>=18'}
    cpu: [x64]
    os: [netbsd]

  '@esbuild/openbsd-arm64@0.25.3':
    resolution: {integrity: sha512-zGAVApJEYTbOC6H/3QBr2mq3upG/LBEXr85/pTtKiv2IXcgKV0RT0QA/hSXZqSvLEpXeIxah7LczB4lkiYhTAQ==}
    engines: {node: '>=18'}
    cpu: [arm64]
    os: [openbsd]

  '@esbuild/openbsd-x64@0.25.3':
    resolution: {integrity: sha512-fpqctI45NnCIDKBH5AXQBsD0NDPbEFczK98hk/aa6HJxbl+UtLkJV2+Bvy5hLSLk3LHmqt0NTkKNso1A9y1a4w==}
    engines: {node: '>=18'}
    cpu: [x64]
    os: [openbsd]

  '@esbuild/sunos-x64@0.25.3':
    resolution: {integrity: sha512-ROJhm7d8bk9dMCUZjkS8fgzsPAZEjtRJqCAmVgB0gMrvG7hfmPmz9k1rwO4jSiblFjYmNvbECL9uhaPzONMfgA==}
    engines: {node: '>=18'}
    cpu: [x64]
    os: [sunos]

  '@esbuild/win32-arm64@0.25.3':
    resolution: {integrity: sha512-YWcow8peiHpNBiIXHwaswPnAXLsLVygFwCB3A7Bh5jRkIBFWHGmNQ48AlX4xDvQNoMZlPYzjVOQDYEzWCqufMQ==}
    engines: {node: '>=18'}
    cpu: [arm64]
    os: [win32]

  '@esbuild/win32-ia32@0.25.3':
    resolution: {integrity: sha512-qspTZOIGoXVS4DpNqUYUs9UxVb04khS1Degaw/MnfMe7goQ3lTfQ13Vw4qY/Nj0979BGvMRpAYbs/BAxEvU8ew==}
    engines: {node: '>=18'}
    cpu: [ia32]
    os: [win32]

  '@esbuild/win32-x64@0.25.3':
    resolution: {integrity: sha512-ICgUR+kPimx0vvRzf+N/7L7tVSQeE3BYY+NhHRHXS1kBuPO7z2+7ea2HbhDyZdTephgvNvKrlDDKUexuCVBVvg==}
    engines: {node: '>=18'}
    cpu: [x64]
    os: [win32]

  '@jridgewell/sourcemap-codec@1.5.0':
    resolution: {integrity: sha512-gv3ZRaISU3fjPAgNsriBRqGWQL6quFx04YMPW/zD8XMLsU32mhCCbfbO6KZFLjvYpCZ8zyDEgqsgf+PwPaM7GQ==}

  '@rollup/rollup-android-arm-eabi@4.40.1':
    resolution: {integrity: sha512-kxz0YeeCrRUHz3zyqvd7n+TVRlNyTifBsmnmNPtk3hQURUyG9eAB+usz6DAwagMusjx/zb3AjvDUvhFGDAexGw==}
    cpu: [arm]
    os: [android]

  '@rollup/rollup-android-arm64@4.40.1':
    resolution: {integrity: sha512-PPkxTOisoNC6TpnDKatjKkjRMsdaWIhyuMkA4UsBXT9WEZY4uHezBTjs6Vl4PbqQQeu6oION1w2voYZv9yquCw==}
    cpu: [arm64]
    os: [android]

  '@rollup/rollup-darwin-arm64@4.40.1':
    resolution: {integrity: sha512-VWXGISWFY18v/0JyNUy4A46KCFCb9NVsH+1100XP31lud+TzlezBbz24CYzbnA4x6w4hx+NYCXDfnvDVO6lcAA==}
    cpu: [arm64]
    os: [darwin]

  '@rollup/rollup-darwin-x64@4.40.1':
    resolution: {integrity: sha512-nIwkXafAI1/QCS7pxSpv/ZtFW6TXcNUEHAIA9EIyw5OzxJZQ1YDrX+CL6JAIQgZ33CInl1R6mHet9Y/UZTg2Bw==}
    cpu: [x64]
    os: [darwin]

  '@rollup/rollup-freebsd-arm64@4.40.1':
    resolution: {integrity: sha512-BdrLJ2mHTrIYdaS2I99mriyJfGGenSaP+UwGi1kB9BLOCu9SR8ZpbkmmalKIALnRw24kM7qCN0IOm6L0S44iWw==}
    cpu: [arm64]
    os: [freebsd]

  '@rollup/rollup-freebsd-x64@4.40.1':
    resolution: {integrity: sha512-VXeo/puqvCG8JBPNZXZf5Dqq7BzElNJzHRRw3vjBE27WujdzuOPecDPc/+1DcdcTptNBep3861jNq0mYkT8Z6Q==}
    cpu: [x64]
    os: [freebsd]

  '@rollup/rollup-linux-arm-gnueabihf@4.40.1':
    resolution: {integrity: sha512-ehSKrewwsESPt1TgSE/na9nIhWCosfGSFqv7vwEtjyAqZcvbGIg4JAcV7ZEh2tfj/IlfBeZjgOXm35iOOjadcg==}
    cpu: [arm]
    os: [linux]

  '@rollup/rollup-linux-arm-musleabihf@4.40.1':
    resolution: {integrity: sha512-m39iO/aaurh5FVIu/F4/Zsl8xppd76S4qoID8E+dSRQvTyZTOI2gVk3T4oqzfq1PtcvOfAVlwLMK3KRQMaR8lg==}
    cpu: [arm]
    os: [linux]

  '@rollup/rollup-linux-arm64-gnu@4.40.1':
    resolution: {integrity: sha512-Y+GHnGaku4aVLSgrT0uWe2o2Rq8te9hi+MwqGF9r9ORgXhmHK5Q71N757u0F8yU1OIwUIFy6YiJtKjtyktk5hg==}
    cpu: [arm64]
    os: [linux]

  '@rollup/rollup-linux-arm64-musl@4.40.1':
    resolution: {integrity: sha512-jEwjn3jCA+tQGswK3aEWcD09/7M5wGwc6+flhva7dsQNRZZTe30vkalgIzV4tjkopsTS9Jd7Y1Bsj6a4lzz8gQ==}
    cpu: [arm64]
    os: [linux]

  '@rollup/rollup-linux-loongarch64-gnu@4.40.1':
    resolution: {integrity: sha512-ySyWikVhNzv+BV/IDCsrraOAZ3UaC8SZB67FZlqVwXwnFhPihOso9rPOxzZbjp81suB1O2Topw+6Ug3JNegejQ==}
    cpu: [loong64]
    os: [linux]

  '@rollup/rollup-linux-powerpc64le-gnu@4.40.1':
    resolution: {integrity: sha512-BvvA64QxZlh7WZWqDPPdt0GH4bznuL6uOO1pmgPnnv86rpUpc8ZxgZwcEgXvo02GRIZX1hQ0j0pAnhwkhwPqWg==}
    cpu: [ppc64]
    os: [linux]

  '@rollup/rollup-linux-riscv64-gnu@4.40.1':
    resolution: {integrity: sha512-EQSP+8+1VuSulm9RKSMKitTav89fKbHymTf25n5+Yr6gAPZxYWpj3DzAsQqoaHAk9YX2lwEyAf9S4W8F4l3VBQ==}
    cpu: [riscv64]
    os: [linux]

  '@rollup/rollup-linux-riscv64-musl@4.40.1':
    resolution: {integrity: sha512-n/vQ4xRZXKuIpqukkMXZt9RWdl+2zgGNx7Uda8NtmLJ06NL8jiHxUawbwC+hdSq1rrw/9CghCpEONor+l1e2gA==}
    cpu: [riscv64]
    os: [linux]

  '@rollup/rollup-linux-s390x-gnu@4.40.1':
    resolution: {integrity: sha512-h8d28xzYb98fMQKUz0w2fMc1XuGzLLjdyxVIbhbil4ELfk5/orZlSTpF/xdI9C8K0I8lCkq+1En2RJsawZekkg==}
    cpu: [s390x]
    os: [linux]

  '@rollup/rollup-linux-x64-gnu@4.40.1':
    resolution: {integrity: sha512-XiK5z70PEFEFqcNj3/zRSz/qX4bp4QIraTy9QjwJAb/Z8GM7kVUsD0Uk8maIPeTyPCP03ChdI+VVmJriKYbRHQ==}
    cpu: [x64]
    os: [linux]

  '@rollup/rollup-linux-x64-musl@4.40.1':
    resolution: {integrity: sha512-2BRORitq5rQ4Da9blVovzNCMaUlyKrzMSvkVR0D4qPuOy/+pMCrh1d7o01RATwVy+6Fa1WBw+da7QPeLWU/1mQ==}
    cpu: [x64]
    os: [linux]

  '@rollup/rollup-win32-arm64-msvc@4.40.1':
    resolution: {integrity: sha512-b2bcNm9Kbde03H+q+Jjw9tSfhYkzrDUf2d5MAd1bOJuVplXvFhWz7tRtWvD8/ORZi7qSCy0idW6tf2HgxSXQSg==}
    cpu: [arm64]
    os: [win32]

  '@rollup/rollup-win32-ia32-msvc@4.40.1':
    resolution: {integrity: sha512-DfcogW8N7Zg7llVEfpqWMZcaErKfsj9VvmfSyRjCyo4BI3wPEfrzTtJkZG6gKP/Z92wFm6rz2aDO7/JfiR/whA==}
    cpu: [ia32]
    os: [win32]

  '@rollup/rollup-win32-x64-msvc@4.40.1':
    resolution: {integrity: sha512-ECyOuDeH3C1I8jH2MK1RtBJW+YPMvSfT0a5NN0nHfQYnDSJ6tUiZH3gzwVP5/Kfh/+Tt7tpWVF9LXNTnhTJ3kA==}
    cpu: [x64]
    os: [win32]

  '@types/estree@1.0.7':
    resolution: {integrity: sha512-w28IoSUCJpidD/TGviZwwMJckNESJZXFu7NBZ5YJ4mEUnNraUn9Pm8HSZm/jDF1pDWYKspWE7oVphigUPRakIQ==}

  '@vitejs/plugin-vue@5.2.1':
    resolution: {integrity: sha512-cxh314tzaWwOLqVes2gnnCtvBDcM1UMdn+iFR+UjAn411dPT3tOmqrJjbMd7koZpMAmBM/GqeV4n9ge7JSiJJQ==}
    engines: {node: ^18.0.0 || >=20.0.0}
    peerDependencies:
      vite: ^5.0.0 || ^6.0.0
      vue: ^3.2.25

  '@volar/language-core@2.4.11':
    resolution: {integrity: sha512-lN2C1+ByfW9/JRPpqScuZt/4OrUUse57GLI6TbLgTIqBVemdl1wNcZ1qYGEo2+Gw8coYLgCy7SuKqn6IrQcQgg==}

  '@volar/source-map@2.4.11':
    resolution: {integrity: sha512-ZQpmafIGvaZMn/8iuvCFGrW3smeqkq/IIh9F1SdSx9aUl0J4Iurzd6/FhmjNO5g2ejF3rT45dKskgXWiofqlZQ==}

  '@volar/typescript@2.4.11':
    resolution: {integrity: sha512-2DT+Tdh88Spp5PyPbqhyoYavYCPDsqbHLFwcUI9K1NlY1YgUJvujGdrqUp0zWxnW7KWNTr3xSpMuv2WnaTKDAw==}

  '@vue/compiler-core@3.5.13':
    resolution: {integrity: sha512-oOdAkwqUfW1WqpwSYJce06wvt6HljgY3fGeM9NcVA1HaYOij3mZG9Rkysn0OHuyUAGMbEbARIpsG+LPVlBJ5/Q==}

  '@vue/compiler-dom@3.5.13':
    resolution: {integrity: sha512-ZOJ46sMOKUjO3e94wPdCzQ6P1Lx/vhp2RSvfaab88Ajexs0AHeV0uasYhi99WPaogmBlRHNRuly8xV75cNTMDA==}

  '@vue/compiler-sfc@3.5.13':
    resolution: {integrity: sha512-6VdaljMpD82w6c2749Zhf5T9u5uLBWKnVue6XWxprDobftnletJ8+oel7sexFfM3qIxNmVE7LSFGTpv6obNyaQ==}

  '@vue/compiler-ssr@3.5.13':
    resolution: {integrity: sha512-wMH6vrYHxQl/IybKJagqbquvxpWCuVYpoUJfCqFZwa/JY1GdATAQ+TgVtgrwwMZ0D07QhA99rs/EAAWfvG6KpA==}

  '@vue/compiler-vue2@2.7.16':
    resolution: {integrity: sha512-qYC3Psj9S/mfu9uVi5WvNZIzq+xnXMhOwbTFKKDD7b1lhpnn71jXSFdTQ+WsIEk0ONCd7VV2IMm7ONl6tbQ86A==}

  '@vue/language-core@2.2.8':
    resolution: {integrity: sha512-rrzB0wPGBvcwaSNRriVWdNAbHQWSf0NlGqgKHK5mEkXpefjUlVRP62u03KvwZpvKVjRnBIQ/Lwre+Mx9N6juUQ==}
    peerDependencies:
      typescript: '*'
    peerDependenciesMeta:
      typescript:
        optional: true

  '@vue/reactivity@3.5.13':
    resolution: {integrity: sha512-NaCwtw8o48B9I6L1zl2p41OHo/2Z4wqYGGIK1Khu5T7yxrn+ATOixn/Udn2m+6kZKB/J7cuT9DbWWhRxqixACg==}

  '@vue/runtime-core@3.5.13':
    resolution: {integrity: sha512-Fj4YRQ3Az0WTZw1sFe+QDb0aXCerigEpw418pw1HBUKFtnQHWzwojaukAs2X/c9DQz4MQ4bsXTGlcpGxU/RCIw==}

  '@vue/runtime-dom@3.5.13':
    resolution: {integrity: sha512-dLaj94s93NYLqjLiyFzVs9X6dWhTdAlEAciC3Moq7gzAc13VJUdCnjjRurNM6uTLFATRHexHCTu/Xp3eW6yoog==}

  '@vue/server-renderer@3.5.13':
    resolution: {integrity: sha512-wAi4IRJV/2SAW3htkTlB+dHeRmpTiVIK1OGLWV1yeStVSebSQQOwGwIq0D3ZIoBj2C2qpgz5+vX9iEBkTdk5YA==}
    peerDependencies:
      vue: 3.5.13

  '@vue/shared@3.5.13':
    resolution: {integrity: sha512-/hnE/qP5ZoGpol0a5mDi45bOd7t3tjYJBjsgCsivow7D48cJeV5l05RD82lPqi7gRiphZM37rnhW1l6ZoCNNnQ==}

  '@vue/tsconfig@0.7.0':
    resolution: {integrity: sha512-ku2uNz5MaZ9IerPPUyOHzyjhXoX2kVJaVf7hL315DC17vS6IiZRmmCPfggNbU16QTvM80+uYYy3eYJB59WCtvg==}
    peerDependencies:
      typescript: 5.x
      vue: ^3.4.0
    peerDependenciesMeta:
      typescript:
        optional: true
      vue:
        optional: true

  alien-signals@1.0.4:
    resolution: {integrity: sha512-DJqqQD3XcsaQcQ1s+iE2jDUZmmQpXwHiR6fCAim/w87luaW+vmLY8fMlrdkmRwzaFXhkxf3rqPCR59tKVv1MDw==}

  balanced-match@1.0.2:
    resolution: {integrity: sha512-3oSeUO0TMV67hN1AmbXsK4yaqU7tjiHlbxRDZOpH0KW9+CeX4bRAaX0Anxt0tx2MrpRpWwQaPwIlISEJhYU5Pw==}

  brace-expansion@2.0.1:
    resolution: {integrity: sha512-XnAIvQ8eM+kC6aULx6wuQiwVsnzsi9d3WxzV3FpWTGA19F621kwdbsAcFKXgKUHZWsy+mY6iL1sHTxWEFCytDA==}

  csstype@3.1.3:
    resolution: {integrity: sha512-M1uQkMl8rQK/szD0LNhtqxIPLpimGm8sOBwU7lLnCpSbTyY3yeU1Vc7l4KT5zT4s/yOxHH5O7tIuuLOCnLADRw==}

  de-indent@1.0.2:
    resolution: {integrity: sha512-e/1zu3xH5MQryN2zdVaF0OrdNLUbvWxzMbi+iNA6Bky7l1RoP8a2fIbRocyHclXt/arDrrR6lL3TqFD9pMQTsg==}

  entities@4.5.0:
    resolution: {integrity: sha512-V0hjH4dGPh9Ao5p0MoRY6BVqtwCjhz6vI5LT8AJ55H+4g9/4vbHx1I54fS0XuclLhDHArPQCiMjDxjaL8fPxhw==}
    engines: {node: '>=0.12'}

  esbuild@0.25.3:
    resolution: {integrity: sha512-qKA6Pvai73+M2FtftpNKRxJ78GIjmFXFxd/1DVBqGo/qNhLSfv+G12n9pNoWdytJC8U00TrViOwpjT0zgqQS8Q==}
    engines: {node: '>=18'}
    hasBin: true

  estree-walker@2.0.2:
    resolution: {integrity: sha512-Rfkk/Mp/DL7JVje3u18FxFujQlTNR2q6QfMSMB7AvCBx91NGj/ba3kCfza0f6dVDbw7YlRf/nDrn7pQrCCyQ/w==}

  fsevents@2.3.3:
    resolution: {integrity: sha512-5xoDfX+fL7faATnagmWPpbFtwh/R77WmMMqqHGS65C3vvB0YHrgF+B1YmZ3441tMj5n63k0212XNoJwzlhffQw==}
    engines: {node: ^8.16.0 || ^10.6.0 || >=11.0.0}
    os: [darwin]

  he@1.2.0:
    resolution: {integrity: sha512-F/1DnUGPopORZi0ni+CvrCgHQ5FyEAHRLSApuYWMmrbSwoN2Mn/7k+Gl38gJnR7yyDZk6WLXwiGod1JOWNDKGw==}
    hasBin: true

  magic-string@0.30.17:
    resolution: {integrity: sha512-sNPKHvyjVf7gyjwS4xGTaW/mCnF8wnjtifKBEhxfZ7E/S8tQ0rssrwGNn6q8JH/ohItJfSQp9mBtQYuTlH5QnA==}

  minimatch@9.0.5:
    resolution: {integrity: sha512-G6T0ZX48xgozx7587koeX9Ys2NYy6Gmv//P89sEte9V9whIapMNF4idKxnW2QtCcLiTWlb/wfCabAtAFWhhBow==}
    engines: {node: '>=16 || 14 >=14.17'}

  muggle-string@0.4.1:
    resolution: {integrity: sha512-VNTrAak/KhO2i8dqqnqnAHOa3cYBwXEZe9h+D5h/1ZqFSTEFHdM65lR7RoIqq3tBBYavsOXV84NoHXZ0AkPyqQ==}

  nanoid@3.3.11:
    resolution: {integrity: sha512-N8SpfPUnUp1bK+PMYW8qSWdl9U+wwNWI4QKxOYDy9JAro3WMX7p2OeVRF9v+347pnakNevPmiHhNmZ2HbFA76w==}
    engines: {node: ^10 || ^12 || ^13.7 || ^14 || >=15.0.1}
    hasBin: true

  path-browserify@1.0.1:
    resolution: {integrity: sha512-b7uo2UCUOYZcnF/3ID0lulOJi/bafxa1xPe7ZPsammBSpjSWQkjNxlt635YGS2MiR9GjvuXCtz2emr3jbsz98g==}

  picocolors@1.1.1:
    resolution: {integrity: sha512-xceH2snhtb5M9liqDsmEw56le376mTZkEX/jEb/RxNFyegNul7eNslCXP9FDj/Lcu0X8KEyMceP2ntpaHrDEVA==}

  postcss@8.5.3:
    resolution: {integrity: sha512-dle9A3yYxlBSrt8Fu+IpjGT8SY8hN0mlaA6GY8t0P5PjIOZemULz/E2Bnm/2dcUOena75OTNkHI76uZBNUUq3A==}
    engines: {node: ^10 || ^12 || >=14}

  rollup@4.40.1:
    resolution: {integrity: sha512-C5VvvgCCyfyotVITIAv+4efVytl5F7wt+/I2i9q9GZcEXW9BP52YYOXC58igUi+LFZVHukErIIqQSWwv/M3WRw==}
    engines: {node: '>=18.0.0', npm: '>=8.0.0'}
    hasBin: true

  source-map-js@1.2.1:
    resolution: {integrity: sha512-UXWMKhLOwVKb728IUtQPXxfYU+usdybtUrK/8uGE8CQMvrhOpwvzDBwj0QhSL7MQc7vIsISBG8VQ8+IDQxpfQA==}
    engines: {node: '>=0.10.0'}

  typescript@5.7.3:
    resolution: {integrity: sha512-84MVSjMEHP+FQRPy3pX9sTVV/INIex71s9TL2Gm5FG/WG1SqXeKyZ0k7/blY/4FdOzI12CBy1vGc4og/eus0fw==}
    engines: {node: '>=14.17'}
    hasBin: true

  vite@6.2.7:
    resolution: {integrity: sha512-qg3LkeuinTrZoJHHF94coSaTfIPyBYoywp+ys4qu20oSJFbKMYoIJo0FWJT9q6Vp49l6z9IsJRbHdcGtiKbGoQ==}
    engines: {node: ^18.0.0 || ^20.0.0 || >=22.0.0}
    hasBin: true
    peerDependencies:
      '@types/node': ^18.0.0 || ^20.0.0 || >=22.0.0
      jiti: '>=1.21.0'
      less: '*'
      lightningcss: ^1.21.0
      sass: '*'
      sass-embedded: '*'
      stylus: '*'
      sugarss: '*'
      terser: ^5.16.0
      tsx: ^4.8.1
      yaml: ^2.4.2
    peerDependenciesMeta:
      '@types/node':
        optional: true
      jiti:
        optional: true
      less:
        optional: true
      lightningcss:
        optional: true
      sass:
        optional: true
      sass-embedded:
        optional: true
      stylus:
        optional: true
      sugarss:
        optional: true
      terser:
        optional: true
      tsx:
        optional: true
      yaml:
        optional: true

  vscode-uri@3.1.0:
    resolution: {integrity: sha512-/BpdSx+yCQGnCvecbyXdxHDkuk55/G3xwnC0GqY4gmQ3j+A+g8kzzgB4Nk/SINjqn6+waqw3EgbVF2QKExkRxQ==}

  vue-tsc@2.2.8:
    resolution: {integrity: sha512-jBYKBNFADTN+L+MdesNX/TB3XuDSyaWynKMDgR+yCSln0GQ9Tfb7JS2lr46s2LiFUT1WsmfWsSvIElyxzOPqcQ==}
    hasBin: true
    peerDependencies:
      typescript: '>=5.0.0'

  vue@3.5.13:
    resolution: {integrity: sha512-wmeiSMxkZCSc+PM2w2VRsOYAZC8GdipNFRTsLSfodVqI9mbejKeXEGr8SckuLnrQPGe3oJN5c3K0vpoU9q/wCQ==}
    peerDependencies:
      typescript: '*'
    peerDependenciesMeta:
      typescript:
        optional: true

snapshots:

  '@babel/helper-string-parser@7.25.9': {}

  '@babel/helper-validator-identifier@7.25.9': {}

  '@babel/parser@7.26.9':
    dependencies:
      '@babel/types': 7.26.9

  '@babel/types@7.26.9':
    dependencies:
      '@babel/helper-string-parser': 7.25.9
      '@babel/helper-validator-identifier': 7.25.9

  '@esbuild/aix-ppc64@0.25.3':
    optional: true

  '@esbuild/android-arm64@0.25.3':
    optional: true

  '@esbuild/android-arm@0.25.3':
    optional: true

  '@esbuild/android-x64@0.25.3':
    optional: true

  '@esbuild/darwin-arm64@0.25.3':
    optional: true

  '@esbuild/darwin-x64@0.25.3':
    optional: true

  '@esbuild/freebsd-arm64@0.25.3':
    optional: true

  '@esbuild/freebsd-x64@0.25.3':
    optional: true

  '@esbuild/linux-arm64@0.25.3':
    optional: true

  '@esbuild/linux-arm@0.25.3':
    optional: true

  '@esbuild/linux-ia32@0.25.3':
    optional: true

  '@esbuild/linux-loong64@0.25.3':
    optional: true

  '@esbuild/linux-mips64el@0.25.3':
    optional: true

  '@esbuild/linux-ppc64@0.25.3':
    optional: true

  '@esbuild/linux-riscv64@0.25.3':
    optional: true

  '@esbuild/linux-s390x@0.25.3':
    optional: true

  '@esbuild/linux-x64@0.25.3':
    optional: true

  '@esbuild/netbsd-arm64@0.25.3':
    optional: true

  '@esbuild/netbsd-x64@0.25.3':
    optional: true

  '@esbuild/openbsd-arm64@0.25.3':
    optional: true

  '@esbuild/openbsd-x64@0.25.3':
    optional: true

  '@esbuild/sunos-x64@0.25.3':
    optional: true

  '@esbuild/win32-arm64@0.25.3':
    optional: true

  '@esbuild/win32-ia32@0.25.3':
    optional: true

  '@esbuild/win32-x64@0.25.3':
    optional: true

  '@jridgewell/sourcemap-codec@1.5.0': {}

  '@rollup/rollup-android-arm-eabi@4.40.1':
    optional: true

  '@rollup/rollup-android-arm64@4.40.1':
    optional: true

  '@rollup/rollup-darwin-arm64@4.40.1':
    optional: true

  '@rollup/rollup-darwin-x64@4.40.1':
    optional: true

  '@rollup/rollup-freebsd-arm64@4.40.1':
    optional: true

  '@rollup/rollup-freebsd-x64@4.40.1':
    optional: true

  '@rollup/rollup-linux-arm-gnueabihf@4.40.1':
    optional: true

  '@rollup/rollup-linux-arm-musleabihf@4.40.1':
    optional: true

  '@rollup/rollup-linux-arm64-gnu@4.40.1':
    optional: true

  '@rollup/rollup-linux-arm64-musl@4.40.1':
    optional: true

  '@rollup/rollup-linux-loongarch64-gnu@4.40.1':
    optional: true

  '@rollup/rollup-linux-powerpc64le-gnu@4.40.1':
    optional: true

  '@rollup/rollup-linux-riscv64-gnu@4.40.1':
    optional: true

  '@rollup/rollup-linux-riscv64-musl@4.40.1':
    optional: true

  '@rollup/rollup-linux-s390x-gnu@4.40.1':
    optional: true

  '@rollup/rollup-linux-x64-gnu@4.40.1':
    optional: true

  '@rollup/rollup-linux-x64-musl@4.40.1':
    optional: true

  '@rollup/rollup-win32-arm64-msvc@4.40.1':
    optional: true

  '@rollup/rollup-win32-ia32-msvc@4.40.1':
    optional: true

  '@rollup/rollup-win32-x64-msvc@4.40.1':
    optional: true

  '@types/estree@1.0.7': {}

  '@vitejs/plugin-vue@5.2.1(vite@6.2.7)(vue@3.5.13(typescript@5.7.3))':
    dependencies:
      vite: 6.2.7
      vue: 3.5.13(typescript@5.7.3)

  '@volar/language-core@2.4.11':
    dependencies:
      '@volar/source-map': 2.4.11

  '@volar/source-map@2.4.11': {}

  '@volar/typescript@2.4.11':
    dependencies:
      '@volar/language-core': 2.4.11
      path-browserify: 1.0.1
      vscode-uri: 3.1.0

  '@vue/compiler-core@3.5.13':
    dependencies:
      '@babel/parser': 7.26.9
      '@vue/shared': 3.5.13
      entities: 4.5.0
      estree-walker: 2.0.2
      source-map-js: 1.2.1

  '@vue/compiler-dom@3.5.13':
    dependencies:
      '@vue/compiler-core': 3.5.13
      '@vue/shared': 3.5.13

  '@vue/compiler-sfc@3.5.13':
    dependencies:
      '@babel/parser': 7.26.9
      '@vue/compiler-core': 3.5.13
      '@vue/compiler-dom': 3.5.13
      '@vue/compiler-ssr': 3.5.13
      '@vue/shared': 3.5.13
      estree-walker: 2.0.2
      magic-string: 0.30.17
      postcss: 8.5.3
      source-map-js: 1.2.1

  '@vue/compiler-ssr@3.5.13':
    dependencies:
      '@vue/compiler-dom': 3.5.13
      '@vue/shared': 3.5.13

  '@vue/compiler-vue2@2.7.16':
    dependencies:
      de-indent: 1.0.2
      he: 1.2.0

  '@vue/language-core@2.2.8(typescript@5.7.3)':
    dependencies:
      '@volar/language-core': 2.4.11
      '@vue/compiler-dom': 3.5.13
      '@vue/compiler-vue2': 2.7.16
      '@vue/shared': 3.5.13
      alien-signals: 1.0.4
      minimatch: 9.0.5
      muggle-string: 0.4.1
      path-browserify: 1.0.1
    optionalDependencies:
      typescript: 5.7.3

  '@vue/reactivity@3.5.13':
    dependencies:
      '@vue/shared': 3.5.13

  '@vue/runtime-core@3.5.13':
    dependencies:
      '@vue/reactivity': 3.5.13
      '@vue/shared': 3.5.13

  '@vue/runtime-dom@3.5.13':
    dependencies:
      '@vue/reactivity': 3.5.13
      '@vue/runtime-core': 3.5.13
      '@vue/shared': 3.5.13
      csstype: 3.1.3

  '@vue/server-renderer@3.5.13(vue@3.5.13(typescript@5.7.3))':
    dependencies:
      '@vue/compiler-ssr': 3.5.13
      '@vue/shared': 3.5.13
      vue: 3.5.13(typescript@5.7.3)

  '@vue/shared@3.5.13': {}

  '@vue/tsconfig@0.7.0(typescript@5.7.3)(vue@3.5.13(typescript@5.7.3))':
    optionalDependencies:
      typescript: 5.7.3
      vue: 3.5.13(typescript@5.7.3)

  alien-signals@1.0.4: {}

  balanced-match@1.0.2: {}

  brace-expansion@2.0.1:
    dependencies:
      balanced-match: 1.0.2

  csstype@3.1.3: {}

  de-indent@1.0.2: {}

  entities@4.5.0: {}

  esbuild@0.25.3:
    optionalDependencies:
      '@esbuild/aix-ppc64': 0.25.3
      '@esbuild/android-arm': 0.25.3
      '@esbuild/android-arm64': 0.25.3
      '@esbuild/android-x64': 0.25.3
      '@esbuild/darwin-arm64': 0.25.3
      '@esbuild/darwin-x64': 0.25.3
      '@esbuild/freebsd-arm64': 0.25.3
      '@esbuild/freebsd-x64': 0.25.3
      '@esbuild/linux-arm': 0.25.3
      '@esbuild/linux-arm64': 0.25.3
      '@esbuild/linux-ia32': 0.25.3
      '@esbuild/linux-loong64': 0.25.3
      '@esbuild/linux-mips64el': 0.25.3
      '@esbuild/linux-ppc64': 0.25.3
      '@esbuild/linux-riscv64': 0.25.3
      '@esbuild/linux-s390x': 0.25.3
      '@esbuild/linux-x64': 0.25.3
      '@esbuild/netbsd-arm64': 0.25.3
      '@esbuild/netbsd-x64': 0.25.3
      '@esbuild/openbsd-arm64': 0.25.3
      '@esbuild/openbsd-x64': 0.25.3
      '@esbuild/sunos-x64': 0.25.3
      '@esbuild/win32-arm64': 0.25.3
      '@esbuild/win32-ia32': 0.25.3
      '@esbuild/win32-x64': 0.25.3

  estree-walker@2.0.2: {}

  fsevents@2.3.3:
    optional: true

  he@1.2.0: {}

  magic-string@0.30.17:
    dependencies:
      '@jridgewell/sourcemap-codec': 1.5.0

  minimatch@9.0.5:
    dependencies:
      brace-expansion: 2.0.1

  muggle-string@0.4.1: {}

  nanoid@3.3.11: {}

  path-browserify@1.0.1: {}

  picocolors@1.1.1: {}

  postcss@8.5.3:
    dependencies:
      nanoid: 3.3.11
      picocolors: 1.1.1
      source-map-js: 1.2.1

  rollup@4.40.1:
    dependencies:
      '@types/estree': 1.0.7
    optionalDependencies:
      '@rollup/rollup-android-arm-eabi': 4.40.1
      '@rollup/rollup-android-arm64': 4.40.1
      '@rollup/rollup-darwin-arm64': 4.40.1
      '@rollup/rollup-darwin-x64': 4.40.1
      '@rollup/rollup-freebsd-arm64': 4.40.1
      '@rollup/rollup-freebsd-x64': 4.40.1
      '@rollup/rollup-linux-arm-gnueabihf': 4.40.1
      '@rollup/rollup-linux-arm-musleabihf': 4.40.1
      '@rollup/rollup-linux-arm64-gnu': 4.40.1
      '@rollup/rollup-linux-arm64-musl': 4.40.1
      '@rollup/rollup-linux-loongarch64-gnu': 4.40.1
      '@rollup/rollup-linux-powerpc64le-gnu': 4.40.1
      '@rollup/rollup-linux-riscv64-gnu': 4.40.1
      '@rollup/rollup-linux-riscv64-musl': 4.40.1
      '@rollup/rollup-linux-s390x-gnu': 4.40.1
      '@rollup/rollup-linux-x64-gnu': 4.40.1
      '@rollup/rollup-linux-x64-musl': 4.40.1
      '@rollup/rollup-win32-arm64-msvc': 4.40.1
      '@rollup/rollup-win32-ia32-msvc': 4.40.1
      '@rollup/rollup-win32-x64-msvc': 4.40.1
      fsevents: 2.3.3

  source-map-js@1.2.1: {}

  typescript@5.7.3: {}

  vite@6.2.7:
    dependencies:
      esbuild: 0.25.3
      postcss: 8.5.3
      rollup: 4.40.1
    optionalDependencies:
      fsevents: 2.3.3

  vscode-uri@3.1.0: {}

  vue-tsc@2.2.8(typescript@5.7.3):
    dependencies:
      '@volar/typescript': 2.4.11
      '@vue/language-core': 2.2.8(typescript@5.7.3)
      typescript: 5.7.3

  vue@3.5.13(typescript@5.7.3):
    dependencies:
      '@vue/compiler-dom': 3.5.13
      '@vue/compiler-sfc': 3.5.13
      '@vue/runtime-dom': 3.5.13
      '@vue/server-renderer': 3.5.13(vue@3.5.13(typescript@5.7.3))
      '@vue/shared': 3.5.13
    optionalDependencies:
      typescript: 5.7.3
