lockfileVersion: '9.0'

settings:
    autoInstallPeers: true
    excludeLinksFromLockfile: false

overrides:
    fflate: 0.4.8
    preact: 10.29.3
    core-js: 3.49.0
    dompurify: 3.3.2
    web-vitals: 5.3.0
    '@posthog/core': 1.45.1
    '@posthog/types': 1.398.0
    '@posthog/browser-common': 0.2.4
    query-selector-shadow-dom: 1.0.1

importers:
    .:
        dependencies:
            posthog-js:
                specifier: file:../../historical-slim.tgz
                version: file:../../historical-slim.tgz

packages:
    '@posthog/browser-common@0.2.4':
        resolution:
            {
                integrity: sha512-/xI4sIVNiZMJButhNdQFdCHtOcB6v8xM8vtJKznqqB7SMbpYwUNok68iPxGNZHPDwUYM6GAqM/AbMiS80UNyMw==,
            }

    '@posthog/core@1.45.1':
        resolution:
            {
                integrity: sha512-tLtvzomavb2PPWdGYKsusyIzIeL2Px47v348Smibkay7sMy/83TyPk+Ptsp2NdeOgJsbuwSxWkR2+XA0aSCAaA==,
            }

    '@posthog/types@1.398.0':
        resolution:
            {
                integrity: sha512-sJMkl4k+u8yS/0fjHsKqE9xTdsAh30a2WvgChiptellnVoE0e8QJKFgqOMD2sk8FaEArPdeFklAhXvmENAt3Sg==,
            }

    '@types/trusted-types@2.0.7':
        resolution:
            {
                integrity: sha512-ScaPdn1dQczgbl0QFTeTOmVHFULt394XJgOQNoyVhZ6r2vLnMLJfBPd53SB52T/3G36VI1/g2MZaX0cwDuXsfw==,
            }

    core-js@3.49.0:
        resolution:
            {
                integrity: sha512-es1U2+YTtzpwkxVLwAFdSpaIMyQaq0PBgm3YD1W3Qpsn1NAmO3KSgZfu+oGSWVu6NvLHoHCV/aYcsE5wiB7ALg==,
            }

    dompurify@3.3.2:
        resolution:
            {
                integrity: sha512-6obghkliLdmKa56xdbLOpUZ43pAR6xFy1uOrxBaIDjT+yaRuuybLjGS9eVBoSR/UPU5fq3OXClEHLJNGvbxKpQ==,
            }
        engines: { node: '>=20' }

    fflate@0.4.8:
        resolution:
            {
                integrity: sha512-FJqqoDBR00Mdj9ppamLa/Y7vxm+PRmNWA67N846RvsoYVMKB4q3y/de5PA7gUmRMYK/8CMz2GDZQmCRN1wBcWA==,
            }

    posthog-js@file:../../historical-slim.tgz:
        resolution:
            {
                integrity: sha512-oXoDlFf1HdwvjmorcMrqeRlYHNY3WdwYvyYg4/L1dXTewltkDC9UQkbxZgSqGEsUcsniocfUpu3JxVICTseKqg==,
                tarball: file:../../historical-slim.tgz,
            }
        version: 1.407.6

    preact@10.29.3:
        resolution:
            {
                integrity: sha512-D9NL1GAnJZhc3RndVs4gDdxEeU9TcHgywMrhhOsnpdlvFjdbx0gAsLUnH6JEhlJH5giL7Tx5biWPUSEXE/HPzw==,
            }

    query-selector-shadow-dom@1.0.1:
        resolution:
            {
                integrity: sha512-lT5yCqEBgfoMYpf3F2xQRK7zEr1rhIIZuceDK6+xRkJQ4NMbHTwXqk4NkwDwQMNqXgG9r9fyHnzwNVs6zV5KRw==,
            }

    web-vitals@5.3.0:
        resolution:
            {
                integrity: sha512-q6LWsLatGYZp5VGBIOvbTj6JBV2nOmC8KvWztXBmwJcfFAzhwKwbOxhUH306XY3CcaZDUlSmSuNPBsCn0bFu+g==,
            }

snapshots:
    '@posthog/browser-common@0.2.4':
        dependencies:
            '@posthog/core': 1.45.1
            '@posthog/types': 1.398.0

    '@posthog/core@1.45.1':
        dependencies:
            '@posthog/types': 1.398.0

    '@posthog/types@1.398.0': {}

    '@types/trusted-types@2.0.7':
        optional: true

    core-js@3.49.0: {}

    dompurify@3.3.2:
        optionalDependencies:
            '@types/trusted-types': 2.0.7

    fflate@0.4.8: {}

    posthog-js@file:../../historical-slim.tgz:
        dependencies:
            '@posthog/browser-common': 0.2.4
            '@posthog/core': 1.45.1
            '@posthog/types': 1.398.0
            core-js: 3.49.0
            dompurify: 3.3.2
            fflate: 0.4.8
            preact: 10.29.3
            query-selector-shadow-dom: 1.0.1
            web-vitals: 5.3.0

    preact@10.29.3: {}

    query-selector-shadow-dom@1.0.1: {}

    web-vitals@5.3.0: {}
